
Microsoft Visual Studio Solution File, Format Version 12.00
# Visual Studio Version 17
VisualStudioVersion = 17.8.34322.80
MinimumVisualStudioVersion = 10.0.40219.1
Project("{8BC9CEB8-8B4A-11D0-8D11-00A0C91BC942}") = "SQL_Database", "SQL_Database\SQL_Database.vcxproj", "{9C602C58-59A9-4244-BEA3-F41C5CACCA5C}"
EndProject
Global
	GlobalSection(SolutionConfigurationPlatforms) = preSolution
		Debug|x64 = Debug|x64
		Debug|x86 = Debug|x86
		Release|x64 = Release|x64
		Release|x86 = Release|x86
	EndGlobalSection
	GlobalSection(ProjectConfigurationPlatforms) = postSolution
		{9C602C58-59A9-4244-BEA3-F41C5CACCA5C}.Debug|x64.ActiveCfg = Debug|x64
		{9C602C58-59A9-4244-BEA3-F41C5CACCA5C}.Debug|x64.Build.0 = Debug|x64
		{9C602C58-59A9-4244-BEA3-F41C5CACCA5C}.Debug|x86.ActiveCfg = Debug|Win32
		{9C602C58-59A9-4244-BEA3-F41C5CACCA5C}.Debug|x86.Build.0 = Debug|Win32
		{9C602C58-59A9-4244-BEA3-F41C5CACCA5C}.Release|x64.ActiveCfg = Release|x64
		{9C602C58-59A9-4244-BEA3-F41C5CACCA5C}.Release|x64.Build.0 = Release|x64
		{9C602C58-59A9-4244-BEA3-F41C5CACCA5C}.Release|x86.ActiveCfg = Release|Win32
		{9C602C58-59A9-4244-BEA3-F41C5CACCA5C}.Release|x86.Build.0 = Release|Win32
	EndGlobalSection
	GlobalSection(SolutionProperties) = preSolution
		HideSolutionNode = FALSE
	EndGlobalSection
	GlobalSection(ExtensibilityGlobals) = postSolution
		SolutionGuid = {C3B65921-E86D-441B-A584-EF675207FF0A}
	EndGlobalSection
EndGlobal
